
Microsoft Visual Studio Solution File, Format Version 12.00
# Visual Studio 15
VisualStudioVersion = 15.0.27130.2036
MinimumVisualStudioVersion = 10.0.40219.1
Project("{FAE04EC0-301F-11D3-BF4B-00C04F79EFBC}") = "APIGiraffe.UI", "APIGiraffe.UI\APIGiraffe.UI.csproj", "{3D72EBD7-0B1B-4BF2-A247-F41994E771BB}"
EndProject
Project("{9A19103F-16F7-4668-BE54-9A1E7A4F7556}") = "APIGiraffe.Domain", "APIGiraffe.Domain\APIGiraffe.Domain.csproj", "{447DD49C-35CC-495D-90AD-537FCB4563D7}"
EndProject
Project("{9A19103F-16F7-4668-BE54-9A1E7A4F7556}") = "APIGiraffe.ApplicationServices", "APIGiraffe.ApplicationServices\APIGiraffe.ApplicationServices.csproj", "{E178BFBF-C998-4CED-BAA0-7AEABE9DC9CC}"
EndProject
Project("{2150E333-8FDC-42A3-9474-1A3956D46DE8}") = "1. Core", "1. Core", "{B4A81D72-2380-4080-94CF-A3E6A38718EA}"
EndProject
Project("{2150E333-8FDC-42A3-9474-1A3956D46DE8}") = "2. Domain", "2. Domain", "{2CAD7571-421D-48F8-85F2-3FDE938C1A51}"
EndProject
Project("{2150E333-8FDC-42A3-9474-1A3956D46DE8}") = "3. Application Services", "3. Application Services", "{1E455DDA-BCFE-4CCB-853F-1F0F6304F5E5}"
EndProject
Project("{2150E333-8FDC-42A3-9474-1A3956D46DE8}") = "4. Infrastructure and UI", "4. Infrastructure and UI", "{45327853-E976-4C73-814B-BE5454A95E93}"
EndProject
Project("{9A19103F-16F7-4668-BE54-9A1E7A4F7556}") = "APIGiraffe.Data", "APIGiraffe.Data\APIGiraffe.Data.csproj", "{EF503DBA-A197-464C-8E4C-815C59D03FB3}"
EndProject
Project("{9A19103F-16F7-4668-BE54-9A1E7A4F7556}") = "APIGiraffe.ApplicationServices.Test", "APIGiraffe.ApplicationServices.Test\APIGiraffe.ApplicationServices.Test.csproj", "{49FD456D-3BF8-4EEA-B2AF-9D3D274D694D}"
EndProject
Project("{FAE04EC0-301F-11D3-BF4B-00C04F79EFBC}") = "ApiGiraffe.Domain.Test", "ApiGiraffe.Domain.Test\ApiGiraffe.Domain.Test.csproj", "{B2E56951-2C3A-4C31-AAEF-A48E0CEB60B7}"
EndProject
Global
	GlobalSection(SolutionConfigurationPlatforms) = preSolution
		Debug|Any CPU = Debug|Any CPU
		Release|Any CPU = Release|Any CPU
	EndGlobalSection
	GlobalSection(ProjectConfigurationPlatforms) = postSolution
		{3D72EBD7-0B1B-4BF2-A247-F41994E771BB}.Debug|Any CPU.ActiveCfg = Debug|Any CPU
		{3D72EBD7-0B1B-4BF2-A247-F41994E771BB}.Debug|Any CPU.Build.0 = Debug|Any CPU
		{3D72EBD7-0B1B-4BF2-A247-F41994E771BB}.Release|Any CPU.ActiveCfg = Release|Any CPU
		{3D72EBD7-0B1B-4BF2-A247-F41994E771BB}.Release|Any CPU.Build.0 = Release|Any CPU
		{447DD49C-35CC-495D-90AD-537FCB4563D7}.Debug|Any CPU.ActiveCfg = Debug|Any CPU
		{447DD49C-35CC-495D-90AD-537FCB4563D7}.Debug|Any CPU.Build.0 = Debug|Any CPU
		{447DD49C-35CC-495D-90AD-537FCB4563D7}.Release|Any CPU.ActiveCfg = Release|Any CPU
		{447DD49C-35CC-495D-90AD-537FCB4563D7}.Release|Any CPU.Build.0 = Release|Any CPU
		{E178BFBF-C998-4CED-BAA0-7AEABE9DC9CC}.Debug|Any CPU.ActiveCfg = Debug|Any CPU
		{E178BFBF-C998-4CED-BAA0-7AEABE9DC9CC}.Debug|Any CPU.Build.0 = Debug|Any CPU
		{E178BFBF-C998-4CED-BAA0-7AEABE9DC9CC}.Release|Any CPU.ActiveCfg = Release|Any CPU
		{E178BFBF-C998-4CED-BAA0-7AEABE9DC9CC}.Release|Any CPU.Build.0 = Release|Any CPU
		{EF503DBA-A197-464C-8E4C-815C59D03FB3}.Debug|Any CPU.ActiveCfg = Debug|Any CPU
		{EF503DBA-A197-464C-8E4C-815C59D03FB3}.Debug|Any CPU.Build.0 = Debug|Any CPU
		{EF503DBA-A197-464C-8E4C-815C59D03FB3}.Release|Any CPU.ActiveCfg = Release|Any CPU
		{EF503DBA-A197-464C-8E4C-815C59D03FB3}.Release|Any CPU.Build.0 = Release|Any CPU
		{49FD456D-3BF8-4EEA-B2AF-9D3D274D694D}.Debug|Any CPU.ActiveCfg = Debug|Any CPU
		{49FD456D-3BF8-4EEA-B2AF-9D3D274D694D}.Debug|Any CPU.Build.0 = Debug|Any CPU
		{49FD456D-3BF8-4EEA-B2AF-9D3D274D694D}.Release|Any CPU.ActiveCfg = Release|Any CPU
		{49FD456D-3BF8-4EEA-B2AF-9D3D274D694D}.Release|Any CPU.Build.0 = Release|Any CPU
		{B2E56951-2C3A-4C31-AAEF-A48E0CEB60B7}.Debug|Any CPU.ActiveCfg = Debug|Any CPU
		{B2E56951-2C3A-4C31-AAEF-A48E0CEB60B7}.Debug|Any CPU.Build.0 = Debug|Any CPU
		{B2E56951-2C3A-4C31-AAEF-A48E0CEB60B7}.Release|Any CPU.ActiveCfg = Release|Any CPU
		{B2E56951-2C3A-4C31-AAEF-A48E0CEB60B7}.Release|Any CPU.Build.0 = Release|Any CPU
	EndGlobalSection
	GlobalSection(SolutionProperties) = preSolution
		HideSolutionNode = FALSE
	EndGlobalSection
	GlobalSection(NestedProjects) = preSolution
		{3D72EBD7-0B1B-4BF2-A247-F41994E771BB} = {45327853-E976-4C73-814B-BE5454A95E93}
		{447DD49C-35CC-495D-90AD-537FCB4563D7} = {2CAD7571-421D-48F8-85F2-3FDE938C1A51}
		{E178BFBF-C998-4CED-BAA0-7AEABE9DC9CC} = {1E455DDA-BCFE-4CCB-853F-1F0F6304F5E5}
		{EF503DBA-A197-464C-8E4C-815C59D03FB3} = {45327853-E976-4C73-814B-BE5454A95E93}
		{49FD456D-3BF8-4EEA-B2AF-9D3D274D694D} = {1E455DDA-BCFE-4CCB-853F-1F0F6304F5E5}
		{B2E56951-2C3A-4C31-AAEF-A48E0CEB60B7} = {2CAD7571-421D-48F8-85F2-3FDE938C1A51}
	EndGlobalSection
	GlobalSection(ExtensibilityGlobals) = postSolution
		SolutionGuid = {DF23ADD5-CF1B-46CF-9849-377C046706C4}
	EndGlobalSection
EndGlobal
